
Microsoft Visual Studio Solution File, Format Version 12.00
# Visual Studio Version 18
VisualStudioVersion = 18.1.11304.174
MinimumVisualStudioVersion = 10.0.40219.1
Project("{9A19103F-16F7-4668-BE54-9A1E7A4F7556}") = "TicTacToe.MAUI", "TicTacToe.MAUI\TicTacToe.MAUI.csproj", "{6FC202D4-C5D1-4010-B8DE-80A0AC238351}"
EndProject
Project("{9A19103F-16F7-4668-BE54-9A1E7A4F7556}") = "TicTacToe.MAUI.UnitTests", "TicTacToe.MAUI.UnitTests\TicTacToe.MAUI.UnitTests.csproj", "{D411CEB5-6EA3-44CE-8E38-3807AFC595B4}"
EndProject
Project("{FAE04EC0-301F-11D3-BF4B-00C04F79EFBC}") = "TicTacToe.Business", "TicTacToe.Business\TicTacToe.Business.csproj", "{A9BD4A07-9B81-4673-9BFF-7170BB7728AE}"
EndProject
Project("{FAE04EC0-301F-11D3-BF4B-00C04F79EFBC}") = "TicTacToe.Business.UnitTests", "TicTacToe.Business.UnitTests\TicTacToe.Business.UnitTests.csproj", "{35D6BCF9-5A00-4113-AA17-F958FF51F0DE}"
EndProject
Global
	GlobalSection(SolutionConfigurationPlatforms) = preSolution
		Debug|Any CPU = Debug|Any CPU
		Release|Any CPU = Release|Any CPU
	EndGlobalSection
	GlobalSection(ProjectConfigurationPlatforms) = postSolution
		{6FC202D4-C5D1-4010-B8DE-80A0AC238351}.Debug|Any CPU.ActiveCfg = Debug|Any CPU
		{6FC202D4-C5D1-4010-B8DE-80A0AC238351}.Debug|Any CPU.Build.0 = Debug|Any CPU
		{6FC202D4-C5D1-4010-B8DE-80A0AC238351}.Debug|Any CPU.Deploy.0 = Debug|Any CPU
		{6FC202D4-C5D1-4010-B8DE-80A0AC238351}.Release|Any CPU.ActiveCfg = Release|Any CPU
		{6FC202D4-C5D1-4010-B8DE-80A0AC238351}.Release|Any CPU.Build.0 = Release|Any CPU
		{6FC202D4-C5D1-4010-B8DE-80A0AC238351}.Release|Any CPU.Deploy.0 = Release|Any CPU
		{D411CEB5-6EA3-44CE-8E38-3807AFC595B4}.Debug|Any CPU.ActiveCfg = Debug|Any CPU
		{D411CEB5-6EA3-44CE-8E38-3807AFC595B4}.Debug|Any CPU.Build.0 = Debug|Any CPU
		{D411CEB5-6EA3-44CE-8E38-3807AFC595B4}.Release|Any CPU.ActiveCfg = Release|Any CPU
		{D411CEB5-6EA3-44CE-8E38-3807AFC595B4}.Release|Any CPU.Build.0 = Release|Any CPU
		{A9BD4A07-9B81-4673-9BFF-7170BB7728AE}.Debug|Any CPU.ActiveCfg = Debug|Any CPU
		{A9BD4A07-9B81-4673-9BFF-7170BB7728AE}.Debug|Any CPU.Build.0 = Debug|Any CPU
		{A9BD4A07-9B81-4673-9BFF-7170BB7728AE}.Release|Any CPU.ActiveCfg = Release|Any CPU
		{A9BD4A07-9B81-4673-9BFF-7170BB7728AE}.Release|Any CPU.Build.0 = Release|Any CPU
		{35D6BCF9-5A00-4113-AA17-F958FF51F0DE}.Debug|Any CPU.ActiveCfg = Debug|Any CPU
		{35D6BCF9-5A00-4113-AA17-F958FF51F0DE}.Debug|Any CPU.Build.0 = Debug|Any CPU
		{35D6BCF9-5A00-4113-AA17-F958FF51F0DE}.Release|Any CPU.ActiveCfg = Release|Any CPU
		{35D6BCF9-5A00-4113-AA17-F958FF51F0DE}.Release|Any CPU.Build.0 = Release|Any CPU
	EndGlobalSection
	GlobalSection(SolutionProperties) = preSolution
		HideSolutionNode = FALSE
	EndGlobalSection
	GlobalSection(ExtensibilityGlobals) = postSolution
		SolutionGuid = {61F7FB11-1E47-470C-91E2-47F8143E1572}
	EndGlobalSection
EndGlobal
